// !$*UTF8*$!
{
	archiveVersion = 1;
	classes = {
	};
	objectVersion = 46;
	objects = {

/* Begin PBXBuildFile section */
		04108BCD1CABD14500ED3835 /* Reachability.m in Sources */ = {isa = PBXBuildFile; fileRef = 04108BCC1CABD14500ED3835 /* Reachability.m */; };
		045800B11CA8FD97003C71A8 /* File.swift in Sources */ = {isa = PBXBuildFile; fileRef = 045800B01CA8FD97003C71A8 /* File.swift */; };
		045800B31CA9065C003C71A8 /* MusicVideo.swift in Sources */ = {isa = PBXBuildFile; fileRef = 045800B21CA9065C003C71A8 /* MusicVideo.swift */; };
		0463A9551C86C10300E02F34 /* APIManager.swift in Sources */ = {isa = PBXBuildFile; fileRef = 0463A9541C86C10300E02F34 /* APIManager.swift */; };
		0480B8F71C7AE6BE00FA6597 /* AppDelegate.swift in Sources */ = {isa = PBXBuildFile; fileRef = 0480B8F61C7AE6BE00FA6597 /* AppDelegate.swift */; };
		0480B8F91C7AE6BE00FA6597 /* ViewController.swift in Sources */ = {isa = PBXBuildFile; fileRef = 0480B8F81C7AE6BE00FA6597 /* ViewController.swift */; };
		0480B8FC1C7AE6BE00FA6597 /* Main.storyboard in Resources */ = {isa = PBXBuildFile; fileRef = 0480B8FA1C7AE6BE00FA6597 /* Main.storyboard */; };
		0480B8FF1C7AE6BE00FA6597 /* MusicVideo.xcdatamodeld in Sources */ = {isa = PBXBuildFile; fileRef = 0480B8FD1C7AE6BE00FA6597 /* MusicVideo.xcdatamodeld */; };
		0480B9011C7AE6BE00FA6597 /* Assets.xcassets in Resources */ = {isa = PBXBuildFile; fileRef = 0480B9001C7AE6BE00FA6597 /* Assets.xcassets */; };
		0480B9041C7AE6BE00FA6597 /* LaunchScreen.storyboard in Resources */ = {isa = PBXBuildFile; fileRef = 0480B9021C7AE6BE00FA6597 /* LaunchScreen.storyboard */; };
		0480B90F1C7AE6BE00FA6597 /* MusicVideoTests.swift in Sources */ = {isa = PBXBuildFile; fileRef = 0480B90E1C7AE6BE00FA6597 /* MusicVideoTests.swift */; };
		0480B91A1C7AE6BE00FA6597 /* MusicVideoUITests.swift in Sources */ = {isa = PBXBuildFile; fileRef = 0480B9191C7AE6BE00FA6597 /* MusicVideoUITests.swift */; };
/* End PBXBuildFile section */

/* Begin PBXContainerItemProxy section */
		0480B90B1C7AE6BE00FA6597 /* PBXContainerItemProxy */ = {
			isa = PBXContainerItemProxy;
			containerPortal = 0480B8EB1C7AE6BE00FA6597 /* Project object */;
			proxyType = 1;
			remoteGlobalIDString = 0480B8F21C7AE6BE00FA6597;
			remoteInfo = MusicVideo;
		};
		0480B9161C7AE6BE00FA6597 /* PBXContainerItemProxy */ = {
			isa = PBXContainerItemProxy;
			containerPortal = 0480B8EB1C7AE6BE00FA6597 /* Project object */;
			proxyType = 1;
			remoteGlobalIDString = 0480B8F21C7AE6BE00FA6597;
			remoteInfo = MusicVideo;
		};
/* End PBXContainerItemProxy section */

/* Begin PBXFileReference section */
		04108BCA1CABD14300ED3835 /* MusicVideo-Bridging-Header.h */ = {isa = PBXFileReference; lastKnownFileType = sourcecode.c.h; path = "MusicVideo-Bridging-Header.h"; sourceTree = "<group>"; };
		04108BCB1CABD14500ED3835 /* Reachability.h */ = {isa = PBXFileReference; fileEncoding = 4; lastKnownFileType = sourcecode.c.h; path = Reachability.h; sourceTree = "<group>"; };
		04108BCC1CABD14500ED3835 /* Reachability.m */ = {isa = PBXFileReference; fileEncoding = 4; lastKnownFileType = sourcecode.c.objc; path = Reachability.m; sourceTree = "<group>"; };
		045800B01CA8FD97003C71A8 /* File.swift */ = {isa = PBXFileReference; fileEncoding = 4; lastKnownFileType = sourcecode.swift; path = File.swift; sourceTree = "<group>"; };
		045800B21CA9065C003C71A8 /* MusicVideo.swift */ = {isa = PBXFileReference; fileEncoding = 4; lastKnownFileType = sourcecode.swift; path = MusicVideo.swift; sourceTree = "<group>"; };
		0463A9541C86C10300E02F34 /* APIManager.swift */ = {isa = PBXFileReference; fileEncoding = 4; lastKnownFileType = sourcecode.swift; path = APIManager.swift; sourceTree = "<group>"; };
		0480B8F31C7AE6BE00FA6597 /* MusicVideo.app */ = {isa = PBXFileReference; explicitFileType = wrapper.application; includeInIndex = 0; path = MusicVideo.app; sourceTree = BUILT_PRODUCTS_DIR; };
		0480B8F61C7AE6BE00FA6597 /* AppDelegate.swift */ = {isa = PBXFileReference; lastKnownFileType = sourcecode.swift; path = AppDelegate.swift; sourceTree = "<group>"; };
		0480B8F81C7AE6BE00FA6597 /* ViewController.swift */ = {isa = PBXFileReference; lastKnownFileType = sourcecode.swift; path = ViewController.swift; sourceTree = "<group>"; };
		0480B8FB1C7AE6BE00FA6597 /* Base */ = {isa = PBXFileReference; lastKnownFileType = file.storyboard; name = Base; path = Base.lproj/Main.storyboard; sourceTree = "<group>"; };
		0480B8FE1C7AE6BE00FA6597 /* MusicVideo.xcdatamodel */ = {isa = PBXFileReference; lastKnownFileType = wrapper.xcdatamodel; path = MusicVideo.xcdatamodel; sourceTree = "<group>"; };
		0480B9001C7AE6BE00FA6597 /* Assets.xcassets */ = {isa = PBXFileReference; lastKnownFileType = folder.assetcatalog; path = Assets.xcassets; sourceTree = "<group>"; };
		0480B9031C7AE6BE00FA6597 /* Base */ = {isa = PBXFileReference; lastKnownFileType = file.storyboard; name = Base; path = Base.lproj/LaunchScreen.storyboard; sourceTree = "<group>"; };
		0480B9051C7AE6BE00FA6597 /* Info.plist */ = {isa = PBXFileReference; lastKnownFileType = text.plist.xml; path = Info.plist; sourceTree = "<group>"; };
		0480B90A1C7AE6BE00FA6597 /* MusicVideoTests.xctest */ = {isa = PBXFileReference; explicitFileType = wrapper.cfbundle; includeInIndex = 0; path = MusicVideoTests.xctest; sourceTree = BUILT_PRODUCTS_DIR; };
		0480B90E1C7AE6BE00FA6597 /* MusicVideoTests.swift */ = {isa = PBXFileReference; lastKnownFileType = sourcecode.swift; path = MusicVideoTests.swift; sourceTree = "<group>"; };
		0480B9101C7AE6BE00FA6597 /* Info.plist */ = {isa = PBXFileReference; lastKnownFileType = text.plist.xml; path = Info.plist; sourceTree = "<group>"; };
		0480B9151C7AE6BE00FA6597 /* MusicVideoUITests.xctest */ = {isa = PBXFileReference; explicitFileType = wrapper.cfbundle; includeInIndex = 0; path = MusicVideoUITests.xctest; sourceTree = BUILT_PRODUCTS_DIR; };
		0480B9191C7AE6BE00FA6597 /* MusicVideoUITests.swift */ = {isa = PBXFileReference; lastKnownFileType = sourcecode.swift; path = MusicVideoUITests.swift; sourceTree = "<group>"; };
		0480B91B1C7AE6BE00FA6597 /* Info.plist */ = {isa = PBXFileReference; lastKnownFileType = text.plist.xml; path = Info.plist; sourceTree = "<group>"; };
/* End PBXFileReference section */

/* Begin PBXFrameworksBuildPhase section */
		0480B8F01C7AE6BE00FA6597 /* Frameworks */ = {
			isa = PBXFrameworksBuildPhase;
			buildActionMask = 2147483647;
			files = (
			);
			runOnlyForDeploymentPostprocessing = 0;
		};
		0480B9071C7AE6BE00FA6597 /* Frameworks */ = {
			isa = PBXFrameworksBuildPhase;
			buildActionMask = 2147483647;
			files = (
			);
			runOnlyForDeploymentPostprocessing = 0;
		};
		0480B9121C7AE6BE00FA6597 /* Frameworks */ = {
			isa = PBXFrameworksBuildPhase;
			buildActionMask = 2147483647;
			files = (
			);
			runOnlyForDeploymentPostprocessing = 0;
		};
/* End PBXFrameworksBuildPhase section */

/* Begin PBXGroup section */
		04108BC91CABD05E00ED3835 /* Obj-c */ = {
			isa = PBXGroup;
			children = (
				04108BCB1CABD14500ED3835 /* Reachability.h */,
				04108BCC1CABD14500ED3835 /* Reachability.m */,
				04108BCA1CABD14300ED3835 /* MusicVideo-Bridging-Header.h */,
			);
			name = "Obj-c";
			sourceTree = "<group>";
		};
		045800AF1CA8FD79003C71A8 /* Utils */ = {
			isa = PBXGroup;
			children = (
				045800B01CA8FD97003C71A8 /* File.swift */,
			);
			name = Utils;
			sourceTree = "<group>";
		};
		0480B8EA1C7AE6BE00FA6597 = {
			isa = PBXGroup;
			children = (
				0480B8F51C7AE6BE00FA6597 /* MusicVideo */,
				0480B90D1C7AE6BE00FA6597 /* MusicVideoTests */,
				0480B9181C7AE6BE00FA6597 /* MusicVideoUITests */,
				0480B8F41C7AE6BE00FA6597 /* Products */,
			);
			sourceTree = "<group>";
		};
		0480B8F41C7AE6BE00FA6597 /* Products */ = {
			isa = PBXGroup;
			children = (
				0480B8F31C7AE6BE00FA6597 /* MusicVideo.app */,
				0480B90A1C7AE6BE00FA6597 /* MusicVideoTests.xctest */,
				0480B9151C7AE6BE00FA6597 /* MusicVideoUITests.xctest */,
			);
			name = Products;
			sourceTree = "<group>";
		};
		0480B8F51C7AE6BE00FA6597 /* MusicVideo */ = {
			isa = PBXGroup;
			children = (
				04108BC91CABD05E00ED3835 /* Obj-c */,
				045800AF1CA8FD79003C71A8 /* Utils */,
				0480B92A1C7B116C00FA6597 /* Supporting files */,
				0480B9271C7B10E300FA6597 /* Model */,
				0480B9291C7B112B00FA6597 /* View */,
				0480B9281C7B10F300FA6597 /* Controller */,
			);
			path = MusicVideo;
			sourceTree = "<group>";
		};
		0480B90D1C7AE6BE00FA6597 /* MusicVideoTests */ = {
			isa = PBXGroup;
			children = (
				0480B90E1C7AE6BE00FA6597 /* MusicVideoTests.swift */,
				0480B9101C7AE6BE00FA6597 /* Info.plist */,
			);
			path = MusicVideoTests;
			sourceTree = "<group>";
		};
		0480B9181C7AE6BE00FA6597 /* MusicVideoUITests */ = {
			isa = PBXGroup;
			children = (
				0480B9191C7AE6BE00FA6597 /* MusicVideoUITests.swift */,
				0480B91B1C7AE6BE00FA6597 /* Info.plist */,
			);
			path = MusicVideoUITests;
			sourceTree = "<group>";
		};
		0480B9271C7B10E300FA6597 /* Model */ = {
			isa = PBXGroup;
			children = (
				0463A9541C86C10300E02F34 /* APIManager.swift */,
				045800B21CA9065C003C71A8 /* MusicVideo.swift */,
			);
			name = Model;
			sourceTree = "<group>";
		};
		0480B9281C7B10F300FA6597 /* Controller */ = {
			isa = PBXGroup;
			children = (
				0480B8F81C7AE6BE00FA6597 /* ViewController.swift */,
			);
			name = Controller;
			sourceTree = "<group>";
		};
		0480B9291C7B112B00FA6597 /* View */ = {
			isa = PBXGroup;
			children = (
				0480B8FA1C7AE6BE00FA6597 /* Main.storyboard */,
				0480B9021C7AE6BE00FA6597 /* LaunchScreen.storyboard */,
			);
			name = View;
			sourceTree = "<group>";
		};
		0480B92A1C7B116C00FA6597 /* Supporting files */ = {
			isa = PBXGroup;
			children = (
				0480B9001C7AE6BE00FA6597 /* Assets.xcassets */,
				0480B9051C7AE6BE00FA6597 /* Info.plist */,
				0480B8FD1C7AE6BE00FA6597 /* MusicVideo.xcdatamodeld */,
				0480B8F61C7AE6BE00FA6597 /* AppDelegate.swift */,
			);
			name = "Supporting files";
			sourceTree = "<group>";
		};
/* End PBXGroup section */

/* Begin PBXNativeTarget section */
		0480B8F21C7AE6BE00FA6597 /* MusicVideo */ = {
			isa = PBXNativeTarget;
			buildConfigurationList = 0480B91E1C7AE6BE00FA6597 /* Build configuration list for PBXNativeTarget "MusicVideo" */;
			buildPhases = (
				0480B8EF1C7AE6BE00FA6597 /* Sources */,
				0480B8F01C7AE6BE00FA6597 /* Frameworks */,
				0480B8F11C7AE6BE00FA6597 /* Resources */,
			);
			buildRules = (
			);
			dependencies = (
			);
			name = MusicVideo;
			productName = MusicVideo;
			productReference = 0480B8F31C7AE6BE00FA6597 /* MusicVideo.app */;
			productType = "com.apple.product-type.application";
		};
		0480B9091C7AE6BE00FA6597 /* MusicVideoTests */ = {
			isa = PBXNativeTarget;
			buildConfigurationList = 0480B9211C7AE6BE00FA6597 /* Build configuration list for PBXNativeTarget "MusicVideoTests" */;
			buildPhases = (
				0480B9061C7AE6BE00FA6597 /* Sources */,
				0480B9071C7AE6BE00FA6597 /* Frameworks */,
				0480B9081C7AE6BE00FA6597 /* Resources */,
			);
			buildRules = (
			);
			dependencies = (
				0480B90C1C7AE6BE00FA6597 /* PBXTargetDependency */,
			);
			name = MusicVideoTests;
			productName = MusicVideoTests;
			productReference = 0480B90A1C7AE6BE00FA6597 /* MusicVideoTests.xctest */;
			productType = "com.apple.product-type.bundle.unit-test";
		};
		0480B9141C7AE6BE00FA6597 /* MusicVideoUITests */ = {
			isa = PBXNativeTarget;
			buildConfigurationList = 0480B9241C7AE6BE00FA6597 /* Build configuration list for PBXNativeTarget "MusicVideoUITests" */;
			buildPhases = (
				0480B9111C7AE6BE00FA6597 /* Sources */,
				0480B9121C7AE6BE00FA6597 /* Frameworks */,
				0480B9131C7AE6BE00FA6597 /* Resources */,
			);
			buildRules = (
			);
			dependencies = (
				0480B9171C7AE6BE00FA6597 /* PBXTargetDependency */,
			);
			name = MusicVideoUITests;
			productName = MusicVideoUITests;
			productReference = 0480B9151C7AE6BE00FA6597 /* MusicVideoUITests.xctest */;
			productType = "com.apple.product-type.bundle.ui-testing";
		};
/* End PBXNativeTarget section */

/* Begin PBXProject section */
		0480B8EB1C7AE6BE00FA6597 /* Project object */ = {
			isa = PBXProject;
			attributes = {
				LastSwiftUpdateCheck = 0720;
				LastUpgradeCheck = 0720;
				ORGANIZATIONNAME = "Bigrattle Technologies";
				TargetAttributes = {
					0480B8F21C7AE6BE00FA6597 = {
						CreatedOnToolsVersion = 7.2.1;
					};
					0480B9091C7AE6BE00FA6597 = {
						CreatedOnToolsVersion = 7.2.1;
						TestTargetID = 0480B8F21C7AE6BE00FA6597;
					};
					0480B9141C7AE6BE00FA6597 = {
						CreatedOnToolsVersion = 7.2.1;
						TestTargetID = 0480B8F21C7AE6BE00FA6597;
					};
				};
			};
			buildConfigurationList = 0480B8EE1C7AE6BE00FA6597 /* Build configuration list for PBXProject "MusicVideo" */;
			compatibilityVersion = "Xcode 3.2";
			developmentRegion = English;
			hasScannedForEncodings = 0;
			knownRegions = (
				en,
				Base,
			);
			mainGroup = 0480B8EA1C7AE6BE00FA6597;
			productRefGroup = 0480B8F41C7AE6BE00FA6597 /* Products */;
			projectDirPath = "";
			projectRoot = "";
			targets = (
				0480B8F21C7AE6BE00FA6597 /* MusicVideo */,
				0480B9091C7AE6BE00FA6597 /* MusicVideoTests */,
				0480B9141C7AE6BE00FA6597 /* MusicVideoUITests */,
			);
		};
/* End PBXProject section */

/* Begin PBXResourcesBuildPhase section */
		0480B8F11C7AE6BE00FA6597 /* Resources */ = {
			isa = PBXResourcesBuildPhase;
			buildActionMask = 2147483647;
			files = (
				0480B9041C7AE6BE00FA6597 /* LaunchScreen.storyboard in Resources */,
				0480B9011C7AE6BE00FA6597 /* Assets.xcassets in Resources */,
				0480B8FC1C7AE6BE00FA6597 /* Main.storyboard in Resources */,
			);
			runOnlyForDeploymentPostprocessing = 0;
		};
		0480B9081C7AE6BE00FA6597 /* Resources */ = {
			isa = PBXResourcesBuildPhase;
			buildActionMask = 2147483647;
			files = (
			);
			runOnlyForDeploymentPostprocessing = 0;
		};
		0480B9131C7AE6BE00FA6597 /* Resources */ = {
			isa = PBXResourcesBuildPhase;
			buildActionMask = 2147483647;
			files = (
			);
			runOnlyForDeploymentPostprocessing = 0;
		};
/* End PBXResourcesBuildPhase section */

/* Begin PBXSourcesBuildPhase section */
		0480B8EF1C7AE6BE00FA6597 /* Sources */ = {
			isa = PBXSourcesBuildPhase;
			buildActionMask = 2147483647;
			files = (
				045800B11CA8FD97003C71A8 /* File.swift in Sources */,
				0463A9551C86C10300E02F34 /* APIManager.swift in Sources */,
				0480B8FF1C7AE6BE00FA6597 /* MusicVideo.xcdatamodeld in Sources */,
				04108BCD1CABD14500ED3835 /* Reachability.m in Sources */,
				045800B31CA9065C003C71A8 /* MusicVideo.swift in Sources */,
				0480B8F91C7AE6BE00FA6597 /* ViewController.swift in Sources */,
				0480B8F71C7AE6BE00FA6597 /* AppDelegate.swift in Sources */,
			);
			runOnlyForDeploymentPostprocessing = 0;
		};
		0480B9061C7AE6BE00FA6597 /* Sources */ = {
			isa = PBXSourcesBuildPhase;
			buildActionMask = 2147483647;
			files = (
				0480B90F1C7AE6BE00FA6597 /* MusicVideoTests.swift in Sources */,
			);
			runOnlyForDeploymentPostprocessing = 0;
		};
		0480B9111C7AE6BE00FA6597 /* Sources */ = {
			isa = PBXSourcesBuildPhase;
			buildActionMask = 2147483647;
			files = (
				0480B91A1C7AE6BE00FA6597 /* MusicVideoUITests.swift in Sources */,
			);
			runOnlyForDeploymentPostprocessing = 0;
		};
/* End PBXSourcesBuildPhase section */

/* Begin PBXTargetDependency section */
		0480B90C1C7AE6BE00FA6597 /* PBXTargetDependency */ = {
			isa = PBXTargetDependency;
			target = 0480B8F21C7AE6BE00FA6597 /* MusicVideo */;
			targetProxy = 0480B90B1C7AE6BE00FA6597 /* PBXContainerItemProxy */;
		};
		0480B9171C7AE6BE00FA6597 /* PBXTargetDependency */ = {
			isa = PBXTargetDependency;
			target = 0480B8F21C7AE6BE00FA6597 /* MusicVideo */;
			targetProxy = 0480B9161C7AE6BE00FA6597 /* PBXContainerItemProxy */;
		};
/* End PBXTargetDependency section */

/* Begin PBXVariantGroup section */
		0480B8FA1C7AE6BE00FA6597 /* Main.storyboard */ = {
			isa = PBXVariantGroup;
			children = (
				0480B8FB1C7AE6BE00FA6597 /* Base */,
			);
			name = Main.storyboard;
			sourceTree = "<group>";
		};
		0480B9021C7AE6BE00FA6597 /* LaunchScreen.storyboard */ = {
			isa = PBXVariantGroup;
			children = (
				0480B9031C7AE6BE00FA6597 /* Base */,
			);
			name = LaunchScreen.storyboard;
			sourceTree = "<group>";
		};
/* End PBXVariantGroup section */

/* Begin XCBuildConfiguration section */
		0480B91C1C7AE6BE00FA6597 /* Debug */ = {
			isa = XCBuildConfiguration;
			buildSettings = {
				ALWAYS_SEARCH_USER_PATHS = NO;
				CLANG_CXX_LANGUAGE_STANDARD = "gnu++0x";
				CLANG_CXX_LIBRARY = "libc++";
				CLANG_ENABLE_MODULES = YES;
				CLANG_ENABLE_OBJC_ARC = YES;
				CLANG_WARN_BOOL_CONVERSION = YES;
				CLANG_WARN_CONSTANT_CONVERSION = YES;
				CLANG_WARN_DIRECT_OBJC_ISA_USAGE = YES_ERROR;
				CLANG_WARN_EMPTY_BODY = YES;
				CLANG_WARN_ENUM_CONVERSION = YES;
				CLANG_WARN_INT_CONVERSION = YES;
				CLANG_WARN_OBJC_ROOT_CLASS = YES_ERROR;
				CLANG_WARN_UNREACHABLE_CODE = YES;
				CLANG_WARN__DUPLICATE_METHOD_MATCH = YES;
				"CODE_SIGN_IDENTITY[sdk=iphoneos*]" = "iPhone Developer";
				COPY_PHASE_STRIP = NO;
				DEBUG_INFORMATION_FORMAT = dwarf;
				ENABLE_STRICT_OBJC_MSGSEND = YES;
				ENABLE_TESTABILITY = YES;
				GCC_C_LANGUAGE_STANDARD = gnu99;
				GCC_DYNAMIC_NO_PIC = NO;
				GCC_NO_COMMON_BLOCKS = YES;
				GCC_OPTIMIZATION_LEVEL = 0;
				GCC_PREPROCESSOR_DEFINITIONS = (
					"DEBUG=1",
					"$(inherited)",
				);
				GCC_WARN_64_TO_32_BIT_CONVERSION = YES;
				GCC_WARN_ABOUT_RETURN_TYPE = YES_ERROR;
				GCC_WARN_UNDECLARED_SELECTOR = YES;
				GCC_WARN_UNINITIALIZED_AUTOS = YES_AGGRESSIVE;
				GCC_WARN_UNUSED_FUNCTION = YES;
				GCC_WARN_UNUSED_VARIABLE = YES;
				IPHONEOS_DEPLOYMENT_TARGET = 9.2;
				MTL_ENABLE_DEBUG_INFO = YES;
				ONLY_ACTIVE_ARCH = YES;
				SDKROOT = iphoneos;
				SWIFT_OPTIMIZATION_LEVEL = "-Onone";
				TARGETED_DEVICE_FAMILY = "1,2";
			};
			name = Debug;
		};
		0480B91D1C7AE6BE00FA6597 /* Release */ = {
			isa = XCBuildConfiguration;
			buildSettings = {
				ALWAYS_SEARCH_USER_PATHS = NO;
				CLANG_CXX_LANGUAGE_STANDARD = "gnu++0x";
				CLANG_CXX_LIBRARY = "libc++";
				CLANG_ENABLE_MODULES = YES;
				CLANG_ENABLE_OBJC_ARC = YES;
				CLANG_WARN_BOOL_CONVERSION = YES;
				CLANG_WARN_CONSTANT_CONVERSION = YES;
				CLANG_WARN_DIRECT_OBJC_ISA_USAGE = YES_ERROR;
				CLANG_WARN_EMPTY_BODY = YES;
				CLANG_WARN_ENUM_CONVERSION = YES;
				CLANG_WARN_INT_CONVERSION = YES;
				CLANG_WARN_OBJC_ROOT_CLASS = YES_ERROR;
				CLANG_WARN_UNREACHABLE_CODE = YES;
				CLANG_WARN__DUPLICATE_METHOD_MATCH = YES;
				"CODE_SIGN_IDENTITY[sdk=iphoneos*]" = "iPhone Developer";
				COPY_PHASE_STRIP = NO;
				DEBUG_INFORMATION_FORMAT = "dwarf-with-dsym";
				ENABLE_NS_ASSERTIONS = NO;
				ENABLE_STRICT_OBJC_MSGSEND = YES;
				GCC_C_LANGUAGE_STANDARD = gnu99;
				GCC_NO_COMMON_BLOCKS = YES;
				GCC_WARN_64_TO_32_BIT_CONVERSION = YES;
				GCC_WARN_ABOUT_RETURN_TYPE = YES_ERROR;
				GCC_WARN_UNDECLARED_SELECTOR = YES;
				GCC_WARN_UNINITIALIZED_AUTOS = YES_AGGRESSIVE;
				GCC_WARN_UNUSED_FUNCTION = YES;
				GCC_WARN_UNUSED_VARIABLE = YES;
				IPHONEOS_DEPLOYMENT_TARGET = 9.2;
				MTL_ENABLE_DEBUG_INFO = NO;
				SDKROOT = iphoneos;
				TARGETED_DEVICE_FAMILY = "1,2";
				VALIDATE_PRODUCT = YES;
			};
			name = Release;
		};
		0480B91F1C7AE6BE00FA6597 /* Debug */ = {
			isa = XCBuildConfiguration;
			buildSettings = {
				ASSETCATALOG_COMPILER_APPICON_NAME = AppIcon;
				CLANG_ENABLE_MODULES = YES;
				CODE_SIGN_IDENTITY = "iPhone Developer";
				INFOPLIST_FILE = MusicVideo/Info.plist;
				LD_RUNPATH_SEARCH_PATHS = "$(inherited) @executable_path/Frameworks";
				PRODUCT_BUNDLE_IDENTIFIER = com.bigrattle.harsh.MusicVideo;
				PRODUCT_NAME = "$(TARGET_NAME)";
				SWIFT_OBJC_BRIDGING_HEADER = "MusicVideo/MusicVideo-Bridging-Header.h";
				SWIFT_OPTIMIZATION_LEVEL = "-Onone";
			};
			name = Debug;
		};
		0480B9201C7AE6BE00FA6597 /* Release */ = {
			isa = XCBuildConfiguration;
			buildSettings = {
				ASSETCATALOG_COMPILER_APPICON_NAME = AppIcon;
				CLANG_ENABLE_MODULES = YES;
				CODE_SIGN_IDENTITY = "iPhone Developer";
				INFOPLIST_FILE = MusicVideo/Info.plist;
				LD_RUNPATH_SEARCH_PATHS = "$(inherited) @executable_path/Frameworks";
				PRODUCT_BUNDLE_IDENTIFIER = com.bigrattle.harsh.MusicVideo;
				PRODUCT_NAME = "$(TARGET_NAME)";
				SWIFT_OBJC_BRIDGING_HEADER = "MusicVideo/MusicVideo-Bridging-Header.h";
			};
			name = Release;
		};
		0480B9221C7AE6BE00FA6597 /* Debug */ = {
			isa = XCBuildConfiguration;
			buildSettings = {
				BUNDLE_LOADER = "$(TEST_HOST)";
				INFOPLIST_FILE = MusicVideoTests/Info.plist;
				LD_RUNPATH_SEARCH_PATHS = "$(inherited) @executable_path/Frameworks @loader_path/Frameworks";
				PRODUCT_BUNDLE_IDENTIFIER = com.bigrattle.harsh.MusicVideoTests;
				PRODUCT_NAME = "$(TARGET_NAME)";
				TEST_HOST = "$(BUILT_PRODUCTS_DIR)/MusicVideo.app/MusicVideo";
			};
			name = Debug;
		};
		0480B9231C7AE6BE00FA6597 /* Release */ = {
			isa = XCBuildConfiguration;
			buildSettings = {
				BUNDLE_LOADER = "$(TEST_HOST)";
				INFOPLIST_FILE = MusicVideoTests/Info.plist;
				LD_RUNPATH_SEARCH_PATHS = "$(inherited) @executable_path/Frameworks @loader_path/Frameworks";
				PRODUCT_BUNDLE_IDENTIFIER = com.bigrattle.harsh.MusicVideoTests;
				PRODUCT_NAME = "$(TARGET_NAME)";
				TEST_HOST = "$(BUILT_PRODUCTS_DIR)/MusicVideo.app/MusicVideo";
			};
			name = Release;
		};
		0480B9251C7AE6BE00FA6597 /* Debug */ = {
			isa = XCBuildConfiguration;
			buildSettings = {
				INFOPLIST_FILE = MusicVideoUITests/Info.plist;
				LD_RUNPATH_SEARCH_PATHS = "$(inherited) @executable_path/Frameworks @loader_path/Frameworks";
				PRODUCT_BUNDLE_IDENTIFIER = com.bigrattle.harsh.MusicVideoUITests;
				PRODUCT_NAME = "$(TARGET_NAME)";
				TEST_TARGET_NAME = MusicVideo;
				USES_XCTRUNNER = YES;
			};
			name = Debug;
		};
		0480B9261C7AE6BE00FA6597 /* Release */ = {
			isa = XCBuildConfiguration;
			buildSettings = {
				INFOPLIST_FILE = MusicVideoUITests/Info.plist;
				LD_RUNPATH_SEARCH_PATHS = "$(inherited) @executable_path/Frameworks @loader_path/Frameworks";
				PRODUCT_BUNDLE_IDENTIFIER = com.bigrattle.harsh.MusicVideoUITests;
				PRODUCT_NAME = "$(TARGET_NAME)";
				TEST_TARGET_NAME = MusicVideo;
				USES_XCTRUNNER = YES;
			};
			name = Release;
		};
/* End XCBuildConfiguration section */

/* Begin XCConfigurationList section */
		0480B8EE1C7AE6BE00FA6597 /* Build configuration list for PBXProject "MusicVideo" */ = {
			isa = XCConfigurationList;
			buildConfigurations = (
				0480B91C1C7AE6BE00FA6597 /* Debug */,
				0480B91D1C7AE6BE00FA6597 /* Release */,
			);
			defaultConfigurationIsVisible = 0;
			defaultConfigurationName = Release;
		};
		0480B91E1C7AE6BE00FA6597 /* Build configuration list for PBXNativeTarget "MusicVideo" */ = {
			isa = XCConfigurationList;
			buildConfigurations = (
				0480B91F1C7AE6BE00FA6597 /* Debug */,
				0480B9201C7AE6BE00FA6597 /* Release */,
			);
			defaultConfigurationIsVisible = 0;
			defaultConfigurationName = Release;
		};
		0480B9211C7AE6BE00FA6597 /* Build configuration list for PBXNativeTarget "MusicVideoTests" */ = {
			isa = XCConfigurationList;
			buildConfigurations = (
				0480B9221C7AE6BE00FA6597 /* Debug */,
				0480B9231C7AE6BE00FA6597 /* Release */,
			);
			defaultConfigurationIsVisible = 0;
			defaultConfigurationName = Release;
		};
		0480B9241C7AE6BE00FA6597 /* Build configuration list for PBXNativeTarget "MusicVideoUITests" */ = {
			isa = XCConfigurationList;
			buildConfigurations = (
				0480B9251C7AE6BE00FA6597 /* Debug */,
				0480B9261C7AE6BE00FA6597 /* Release */,
			);
			defaultConfigurationIsVisible = 0;
			defaultConfigurationName = Release;
		};
/* End XCConfigurationList section */

/* Begin XCVersionGroup section */
		0480B8FD1C7AE6BE00FA6597 /* MusicVideo.xcdatamodeld */ = {
			isa = XCVersionGroup;
			children = (
				0480B8FE1C7AE6BE00FA6597 /* MusicVideo.xcdatamodel */,
			);
			currentVersion = 0480B8FE1C7AE6BE00FA6597 /* MusicVideo.xcdatamodel */;
			path = MusicVideo.xcdatamodeld;
			sourceTree = "<group>";
			versionGroupType = wrapper.xcdatamodel;
		};
/* End XCVersionGroup section */
	};
	rootObject = 0480B8EB1C7AE6BE00FA6597 /* Project object */;
}
